PODS:
  - Flutter (1.0.0)
  - Mixpanel (2.7.8):
    - Mixpanel/Complete (= 2.7.8)
  - Mixpanel/Complete (2.7.8)
  - native_mixpanel (1.0.12):
    - Flutter
    - Mixpanel (= 2.7.8)

DEPENDENCIES:
  - Flutter (from `Flutter`)
  - native_mixpanel (from `.symlinks/plugins/native_mixpanel/ios`)

SPEC REPOS:
  "git@github.com:PocketPoints/IOS-pod-specs.git":
    - Mixpanel

EXTERNAL SOURCES:
  Flutter:
    :path: Flutter
  native_mixpanel:
    :path: ".symlinks/plugins/native_mixpanel/ios"

SPEC CHECKSUMS:
  Flutter: 0e3d915762c693b495b44d77113d4970485de6ec
  Mixpanel: cb0d7ba6d8b539cb92d8522ac2ffc2c590c28b15
  native_mixpanel: 5b8fc6213a92bc9866c1ffb1ac1c7a7c8dce80c3

PODFILE CHECKSUM: 78ae648f41b29d7bb6a012860346f9b0c8043243

COCOAPODS: 1.9.3
