PODS:
  - Flutter (1.0.0)
  - Mixpanel-swift (2.6.9):
    - Mixpanel-swift/Complete (= 2.6.9)
  - Mixpanel-swift/Complete (2.6.9)
  - native_mixpanel (0.0.1):
    - Flutter
    - Mixpanel-swift (= 2.6.9)

DEPENDENCIES:
  - Flutter (from `Flutter`)
  - native_mixpanel (from `.symlinks/plugins/native_mixpanel/ios`)

SPEC REPOS:
  https://github.com/cocoapods/specs.git:
    - Mixpanel-swift

EXTERNAL SOURCES:
  Flutter:
    :path: Flutter
  native_mixpanel:
    :path: ".symlinks/plugins/native_mixpanel/ios"

SPEC CHECKSUMS:
  Flutter: 0e3d915762c693b495b44d77113d4970485de6ec
  Mixpanel-swift: c56020d4998f8389e246e2eede93d08ce4ed8c86
  native_mixpanel: 8fc59f21d1b6029213bc40bd6b908c87fb70f2aa

PODFILE CHECKSUM: 1b66dae606f75376c5f2135a8290850eeb09ae83

COCOAPODS: 1.7.5
